
Microsoft Visual Studio Solution File, Format Version 12.00
# Visual Studio 15
VisualStudioVersion = 15.0.26124.0
MinimumVisualStudioVersion = 15.0.26124.0
Project("{FAE04EC0-301F-11D3-BF4B-00C04F79EFBC}") = "CultureSwitcher", "src\CultureSwitcher.csproj", "{901CBED1-AE26-429E-8E28-2D984F9AC287}"
EndProject
Project("{FAE04EC0-301F-11D3-BF4B-00C04F79EFBC}") = "CultureSwitcher.Tests", "test\CultureSwitcher.Tests.csproj", "{F60CD806-080E-4132-B876-D12E8D8E4252}"
EndProject
Global
	GlobalSection(SolutionConfigurationPlatforms) = preSolution
		Debug|Any CPU = Debug|Any CPU
		Debug|x64 = Debug|x64
		Debug|x86 = Debug|x86
		Release|Any CPU = Release|Any CPU
		Release|x64 = Release|x64
		Release|x86 = Release|x86
	EndGlobalSection
	GlobalSection(SolutionProperties) = preSolution
		HideSolutionNode = FALSE
	EndGlobalSection
	GlobalSection(ProjectConfigurationPlatforms) = postSolution
		{901CBED1-AE26-429E-8E28-2D984F9AC287}.Debug|Any CPU.ActiveCfg = Debug|Any CPU
		{901CBED1-AE26-429E-8E28-2D984F9AC287}.Debug|Any CPU.Build.0 = Debug|Any CPU
		{901CBED1-AE26-429E-8E28-2D984F9AC287}.Debug|x64.ActiveCfg = Debug|Any CPU
		{901CBED1-AE26-429E-8E28-2D984F9AC287}.Debug|x64.Build.0 = Debug|Any CPU
		{901CBED1-AE26-429E-8E28-2D984F9AC287}.Debug|x86.ActiveCfg = Debug|Any CPU
		{901CBED1-AE26-429E-8E28-2D984F9AC287}.Debug|x86.Build.0 = Debug|Any CPU
		{901CBED1-AE26-429E-8E28-2D984F9AC287}.Release|Any CPU.ActiveCfg = Release|Any CPU
		{901CBED1-AE26-429E-8E28-2D984F9AC287}.Release|Any CPU.Build.0 = Release|Any CPU
		{901CBED1-AE26-429E-8E28-2D984F9AC287}.Release|x64.ActiveCfg = Release|Any CPU
		{901CBED1-AE26-429E-8E28-2D984F9AC287}.Release|x64.Build.0 = Release|Any CPU
		{901CBED1-AE26-429E-8E28-2D984F9AC287}.Release|x86.ActiveCfg = Release|Any CPU
		{901CBED1-AE26-429E-8E28-2D984F9AC287}.Release|x86.Build.0 = Release|Any CPU
		{F60CD806-080E-4132-B876-D12E8D8E4252}.Debug|Any CPU.ActiveCfg = Debug|Any CPU
		{F60CD806-080E-4132-B876-D12E8D8E4252}.Debug|Any CPU.Build.0 = Debug|Any CPU
		{F60CD806-080E-4132-B876-D12E8D8E4252}.Debug|x64.ActiveCfg = Debug|Any CPU
		{F60CD806-080E-4132-B876-D12E8D8E4252}.Debug|x64.Build.0 = Debug|Any CPU
		{F60CD806-080E-4132-B876-D12E8D8E4252}.Debug|x86.ActiveCfg = Debug|Any CPU
		{F60CD806-080E-4132-B876-D12E8D8E4252}.Debug|x86.Build.0 = Debug|Any CPU
		{F60CD806-080E-4132-B876-D12E8D8E4252}.Release|Any CPU.ActiveCfg = Release|Any CPU
		{F60CD806-080E-4132-B876-D12E8D8E4252}.Release|Any CPU.Build.0 = Release|Any CPU
		{F60CD806-080E-4132-B876-D12E8D8E4252}.Release|x64.ActiveCfg = Release|Any CPU
		{F60CD806-080E-4132-B876-D12E8D8E4252}.Release|x64.Build.0 = Release|Any CPU
		{F60CD806-080E-4132-B876-D12E8D8E4252}.Release|x86.ActiveCfg = Release|Any CPU
		{F60CD806-080E-4132-B876-D12E8D8E4252}.Release|x86.Build.0 = Release|Any CPU
	EndGlobalSection
EndGlobal
